// !$*UTF8*$!
{
	archiveVersion = 1;
	classes = {
	};
	objectVersion = 50;
	objects = {

/* Begin PBXBuildFile section */
		7D8AAB5A2672521E0036ECDA /* AppDelegate.swift in Sources */ = {isa = PBXBuildFile; fileRef = 7D8AAB592672521E0036ECDA /* AppDelegate.swift */; };
		7D8AAB5C2672521E0036ECDA /* SceneDelegate.swift in Sources */ = {isa = PBXBuildFile; fileRef = 7D8AAB5B2672521E0036ECDA /* SceneDelegate.swift */; };
		7D8AAB5E2672521E0036ECDA /* PersonTableViewController.swift in Sources */ = {isa = PBXBuildFile; fileRef = 7D8AAB5D2672521E0036ECDA /* PersonTableViewController.swift */; };
		7D8AAB612672521E0036ECDA /* Main.storyboard in Resources */ = {isa = PBXBuildFile; fileRef = 7D8AAB5F2672521E0036ECDA /* Main.storyboard */; };
		7D8AAB632672521F0036ECDA /* Assets.xcassets in Resources */ = {isa = PBXBuildFile; fileRef = 7D8AAB622672521F0036ECDA /* Assets.xcassets */; };
		7D8AAB662672521F0036ECDA /* LaunchScreen.storyboard in Resources */ = {isa = PBXBuildFile; fileRef = 7D8AAB642672521F0036ECDA /* LaunchScreen.storyboard */; };
		7D8AAB74267252910036ECDA /* Model.swift in Sources */ = {isa = PBXBuildFile; fileRef = 7D8AAB73267252910036ECDA /* Model.swift */; };
		7D8AAB7B2672815B0036ECDA /* DetailPersonViewController.swift in Sources */ = {isa = PBXBuildFile; fileRef = 7D8AAB7A2672815B0036ECDA /* DetailPersonViewController.swift */; };
		7D8AAB8126734FFB0036ECDA /* PersonListViewController.swift in Sources */ = {isa = PBXBuildFile; fileRef = 7D8AAB8026734FFB0036ECDA /* PersonListViewController.swift */; };
/* End PBXBuildFile section */

/* Begin PBXFileReference section */
		7D8AAB562672521E0036ECDA /* contactList.app */ = {isa = PBXFileReference; explicitFileType = wrapper.application; includeInIndex = 0; path = contactList.app; sourceTree = BUILT_PRODUCTS_DIR; };
		7D8AAB592672521E0036ECDA /* AppDelegate.swift */ = {isa = PBXFileReference; lastKnownFileType = sourcecode.swift; path = AppDelegate.swift; sourceTree = "<group>"; };
		7D8AAB5B2672521E0036ECDA /* SceneDelegate.swift */ = {isa = PBXFileReference; lastKnownFileType = sourcecode.swift; path = SceneDelegate.swift; sourceTree = "<group>"; };
		7D8AAB5D2672521E0036ECDA /* PersonTableViewController.swift */ = {isa = PBXFileReference; lastKnownFileType = sourcecode.swift; path = PersonTableViewController.swift; sourceTree = "<group>"; };
		7D8AAB602672521E0036ECDA /* Base */ = {isa = PBXFileReference; lastKnownFileType = file.storyboard; name = Base; path = Base.lproj/Main.storyboard; sourceTree = "<group>"; };
		7D8AAB622672521F0036ECDA /* Assets.xcassets */ = {isa = PBXFileReference; lastKnownFileType = folder.assetcatalog; path = Assets.xcassets; sourceTree = "<group>"; };
		7D8AAB652672521F0036ECDA /* Base */ = {isa = PBXFileReference; lastKnownFileType = file.storyboard; name = Base; path = Base.lproj/LaunchScreen.storyboard; sourceTree = "<group>"; };
		7D8AAB672672521F0036ECDA /* Info.plist */ = {isa = PBXFileReference; lastKnownFileType = text.plist.xml; path = Info.plist; sourceTree = "<group>"; };
		7D8AAB73267252910036ECDA /* Model.swift */ = {isa = PBXFileReference; lastKnownFileType = sourcecode.swift; path = Model.swift; sourceTree = "<group>"; };
		7D8AAB7A2672815B0036ECDA /* DetailPersonViewController.swift */ = {isa = PBXFileReference; lastKnownFileType = sourcecode.swift; path = DetailPersonViewController.swift; sourceTree = "<group>"; };
		7D8AAB8026734FFB0036ECDA /* PersonListViewController.swift */ = {isa = PBXFileReference; lastKnownFileType = sourcecode.swift; path = PersonListViewController.swift; sourceTree = "<group>"; };
/* End PBXFileReference section */

/* Begin PBXFrameworksBuildPhase section */
		7D8AAB532672521E0036ECDA /* Frameworks */ = {
			isa = PBXFrameworksBuildPhase;
			buildActionMask = 2147483647;
			files = (
			);
			runOnlyForDeploymentPostprocessing = 0;
		};
/* End PBXFrameworksBuildPhase section */

/* Begin PBXGroup section */
		7D8AAB4D2672521E0036ECDA = {
			isa = PBXGroup;
			children = (
				7D8AAB582672521E0036ECDA /* contactList */,
				7D8AAB572672521E0036ECDA /* Products */,
			);
			sourceTree = "<group>";
		};
		7D8AAB572672521E0036ECDA /* Products */ = {
			isa = PBXGroup;
			children = (
				7D8AAB562672521E0036ECDA /* contactList.app */,
			);
			name = Products;
			sourceTree = "<group>";
		};
		7D8AAB582672521E0036ECDA /* contactList */ = {
			isa = PBXGroup;
			children = (
				7D8AAB72267252780036ECDA /* ViewControllers */,
				7D8AAB712672526C0036ECDA /* Storyboards */,
				7D8AAB702672525C0036ECDA /* Models */,
				7D8AAB6F2672524C0036ECDA /* Resourses */,
				7D8AAB6E267252350036ECDA /* SupportingFiles */,
			);
			path = contactList;
			sourceTree = "<group>";
		};
		7D8AAB6E267252350036ECDA /* SupportingFiles */ = {
			isa = PBXGroup;
			children = (
				7D8AAB592672521E0036ECDA /* AppDelegate.swift */,
				7D8AAB5B2672521E0036ECDA /* SceneDelegate.swift */,
				7D8AAB672672521F0036ECDA /* Info.plist */,
			);
			path = SupportingFiles;
			sourceTree = "<group>";
		};
		7D8AAB6F2672524C0036ECDA /* Resourses */ = {
			isa = PBXGroup;
			children = (
				7D8AAB622672521F0036ECDA /* Assets.xcassets */,
			);
			path = Resourses;
			sourceTree = "<group>";
		};
		7D8AAB702672525C0036ECDA /* Models */ = {
			isa = PBXGroup;
			children = (
				7D8AAB73267252910036ECDA /* Model.swift */,
			);
			path = Models;
			sourceTree = "<group>";
		};
		7D8AAB712672526C0036ECDA /* Storyboards */ = {
			isa = PBXGroup;
			children = (
				7D8AAB5F2672521E0036ECDA /* Main.storyboard */,
				7D8AAB642672521F0036ECDA /* LaunchScreen.storyboard */,
			);
			path = Storyboards;
			sourceTree = "<group>";
		};
		7D8AAB72267252780036ECDA /* ViewControllers */ = {
			isa = PBXGroup;
			children = (
				7D8AAB5D2672521E0036ECDA /* PersonTableViewController.swift */,
				7D8AAB7A2672815B0036ECDA /* DetailPersonViewController.swift */,
				7D8AAB8026734FFB0036ECDA /* PersonListViewController.swift */,
			);
			path = ViewControllers;
			sourceTree = "<group>";
		};
/* End PBXGroup section */

/* Begin PBXNativeTarget section */
		7D8AAB552672521E0036ECDA /* contactList */ = {
			isa = PBXNativeTarget;
			buildConfigurationList = 7D8AAB6A2672521F0036ECDA /* Build configuration list for PBXNativeTarget "contactList" */;
			buildPhases = (
				7D8AAB522672521E0036ECDA /* Sources */,
				7D8AAB532672521E0036ECDA /* Frameworks */,
				7D8AAB542672521E0036ECDA /* Resources */,
			);
			buildRules = (
			);
			dependencies = (
			);
			name = contactList;
			productName = contactList;
			productReference = 7D8AAB562672521E0036ECDA /* contactList.app */;
			productType = "com.apple.product-type.application";
		};
/* End PBXNativeTarget section */

/* Begin PBXProject section */
		7D8AAB4E2672521E0036ECDA /* Project object */ = {
			isa = PBXProject;
			attributes = {
				LastSwiftUpdateCheck = 1240;
				LastUpgradeCheck = 1240;
				TargetAttributes = {
					7D8AAB552672521E0036ECDA = {
						CreatedOnToolsVersion = 12.4;
					};
				};
			};
			buildConfigurationList = 7D8AAB512672521E0036ECDA /* Build configuration list for PBXProject "contactList" */;
			compatibilityVersion = "Xcode 9.3";
			developmentRegion = en;
			hasScannedForEncodings = 0;
			knownRegions = (
				en,
				Base,
			);
			mainGroup = 7D8AAB4D2672521E0036ECDA;
			productRefGroup = 7D8AAB572672521E0036ECDA /* Products */;
			projectDirPath = "";
			projectRoot = "";
			targets = (
				7D8AAB552672521E0036ECDA /* contactList */,
			);
		};
/* End PBXProject section */

/* Begin PBXResourcesBuildPhase section */
		7D8AAB542672521E0036ECDA /* Resources */ = {
			isa = PBXResourcesBuildPhase;
			buildActionMask = 2147483647;
			files = (
				7D8AAB662672521F0036ECDA /* LaunchScreen.storyboard in Resources */,
				7D8AAB632672521F0036ECDA /* Assets.xcassets in Resources */,
				7D8AAB612672521E0036ECDA /* Main.storyboard in Resources */,
			);
			runOnlyForDeploymentPostprocessing = 0;
		};
/* End PBXResourcesBuildPhase section */

/* Begin PBXSourcesBuildPhase section */
		7D8AAB522672521E0036ECDA /* Sources */ = {
			isa = PBXSourcesBuildPhase;
			buildActionMask = 2147483647;
			files = (
				7D8AAB7B2672815B0036ECDA /* DetailPersonViewController.swift in Sources */,
				7D8AAB5E2672521E0036ECDA /* PersonTableViewController.swift in Sources */,
				7D8AAB5A2672521E0036ECDA /* AppDelegate.swift in Sources */,
				7D8AAB8126734FFB0036ECDA /* PersonListViewController.swift in Sources */,
				7D8AAB5C2672521E0036ECDA /* SceneDelegate.swift in Sources */,
				7D8AAB74267252910036ECDA /* Model.swift in Sources */,
			);
			runOnlyForDeploymentPostprocessing = 0;
		};
/* End PBXSourcesBuildPhase section */

/* Begin PBXVariantGroup section */
		7D8AAB5F2672521E0036ECDA /* Main.storyboard */ = {
			isa = PBXVariantGroup;
			children = (
				7D8AAB602672521E0036ECDA /* Base */,
			);
			name = Main.storyboard;
			sourceTree = "<group>";
		};
		7D8AAB642672521F0036ECDA /* LaunchScreen.storyboard */ = {
			isa = PBXVariantGroup;
			children = (
				7D8AAB652672521F0036ECDA /* Base */,
			);
			name = LaunchScreen.storyboard;
			sourceTree = "<group>";
		};
/* End PBXVariantGroup section */

/* Begin XCBuildConfiguration section */
		7D8AAB682672521F0036ECDA /* Debug */ = {
			isa = XCBuildConfiguration;
			buildSettings = {
				ALWAYS_SEARCH_USER_PATHS = NO;
				CLANG_ANALYZER_NONNULL = YES;
				CLANG_ANALYZER_NUMBER_OBJECT_CONVERSION = YES_AGGRESSIVE;
				CLANG_CXX_LANGUAGE_STANDARD = "gnu++14";
				CLANG_CXX_LIBRARY = "libc++";
				CLANG_ENABLE_MODULES = YES;
				CLANG_ENABLE_OBJC_ARC = YES;
				CLANG_ENABLE_OBJC_WEAK = YES;
				CLANG_WARN_BLOCK_CAPTURE_AUTORELEASING = YES;
				CLANG_WARN_BOOL_CONVERSION = YES;
				CLANG_WARN_COMMA = YES;
				CLANG_WARN_CONSTANT_CONVERSION = YES;
				CLANG_WARN_DEPRECATED_OBJC_IMPLEMENTATIONS = YES;
				CLANG_WARN_DIRECT_OBJC_ISA_USAGE = YES_ERROR;
				CLANG_WARN_DOCUMENTATION_COMMENTS = YES;
				CLANG_WARN_EMPTY_BODY = YES;
				CLANG_WARN_ENUM_CONVERSION = YES;
				CLANG_WARN_INFINITE_RECURSION = YES;
				CLANG_WARN_INT_CONVERSION = YES;
				CLANG_WARN_NON_LITERAL_NULL_CONVERSION = YES;
				CLANG_WARN_OBJC_IMPLICIT_RETAIN_SELF = YES;
				CLANG_WARN_OBJC_LITERAL_CONVERSION = YES;
				CLANG_WARN_OBJC_ROOT_CLASS = YES_ERROR;
				CLANG_WARN_QUOTED_INCLUDE_IN_FRAMEWORK_HEADER = YES;
				CLANG_WARN_RANGE_LOOP_ANALYSIS = YES;
				CLANG_WARN_STRICT_PROTOTYPES = YES;
				CLANG_WARN_SUSPICIOUS_MOVE = YES;
				CLANG_WARN_UNGUARDED_AVAILABILITY = YES_AGGRESSIVE;
				CLANG_WARN_UNREACHABLE_CODE = YES;
				CLANG_WARN__DUPLICATE_METHOD_MATCH = YES;
				COPY_PHASE_STRIP = NO;
				DEBUG_INFORMATION_FORMAT = dwarf;
				ENABLE_STRICT_OBJC_MSGSEND = YES;
				ENABLE_TESTABILITY = YES;
				GCC_C_LANGUAGE_STANDARD = gnu11;
				GCC_DYNAMIC_NO_PIC = NO;
				GCC_NO_COMMON_BLOCKS = YES;
				GCC_OPTIMIZATION_LEVEL = 0;
				GCC_PREPROCESSOR_DEFINITIONS = (
					"DEBUG=1",
					"$(inherited)",
				);
				GCC_WARN_64_TO_32_BIT_CONVERSION = YES;
				GCC_WARN_ABOUT_RETURN_TYPE = YES_ERROR;
				GCC_WARN_UNDECLARED_SELECTOR = YES;
				GCC_WARN_UNINITIALIZED_AUTOS = YES_AGGRESSIVE;
				GCC_WARN_UNUSED_FUNCTION = YES;
				GCC_WARN_UNUSED_VARIABLE = YES;
				IPHONEOS_DEPLOYMENT_TARGET = 14.4;
				MTL_ENABLE_DEBUG_INFO = INCLUDE_SOURCE;
				MTL_FAST_MATH = YES;
				ONLY_ACTIVE_ARCH = YES;
				SDKROOT = iphoneos;
				SWIFT_ACTIVE_COMPILATION_CONDITIONS = DEBUG;
				SWIFT_OPTIMIZATION_LEVEL = "-Onone";
			};
			name = Debug;
		};
		7D8AAB692672521F0036ECDA /* Release */ = {
			isa = XCBuildConfiguration;
			buildSettings = {
				ALWAYS_SEARCH_USER_PATHS = NO;
				CLANG_ANALYZER_NONNULL = YES;
				CLANG_ANALYZER_NUMBER_OBJECT_CONVERSION = YES_AGGRESSIVE;
				CLANG_CXX_LANGUAGE_STANDARD = "gnu++14";
				CLANG_CXX_LIBRARY = "libc++";
				CLANG_ENABLE_MODULES = YES;
				CLANG_ENABLE_OBJC_ARC = YES;
				CLANG_ENABLE_OBJC_WEAK = YES;
				CLANG_WARN_BLOCK_CAPTURE_AUTORELEASING = YES;
				CLANG_WARN_BOOL_CONVERSION = YES;
				CLANG_WARN_COMMA = YES;
				CLANG_WARN_CONSTANT_CONVERSION = YES;
				CLANG_WARN_DEPRECATED_OBJC_IMPLEMENTATIONS = YES;
				CLANG_WARN_DIRECT_OBJC_ISA_USAGE = YES_ERROR;
				CLANG_WARN_DOCUMENTATION_COMMENTS = YES;
				CLANG_WARN_EMPTY_BODY = YES;
				CLANG_WARN_ENUM_CONVERSION = YES;
				CLANG_WARN_INFINITE_RECURSION = YES;
				CLANG_WARN_INT_CONVERSION = YES;
				CLANG_WARN_NON_LITERAL_NULL_CONVERSION = YES;
				CLANG_WARN_OBJC_IMPLICIT_RETAIN_SELF = YES;
				CLANG_WARN_OBJC_LITERAL_CONVERSION = YES;
				CLANG_WARN_OBJC_ROOT_CLASS = YES_ERROR;
				CLANG_WARN_QUOTED_INCLUDE_IN_FRAMEWORK_HEADER = YES;
				CLANG_WARN_RANGE_LOOP_ANALYSIS = YES;
				CLANG_WARN_STRICT_PROTOTYPES = YES;
				CLANG_WARN_SUSPICIOUS_MOVE = YES;
				CLANG_WARN_UNGUARDED_AVAILABILITY = YES_AGGRESSIVE;
				CLANG_WARN_UNREACHABLE_CODE = YES;
				CLANG_WARN__DUPLICATE_METHOD_MATCH = YES;
				COPY_PHASE_STRIP = NO;
				DEBUG_INFORMATION_FORMAT = "dwarf-with-dsym";
				ENABLE_NS_ASSERTIONS = NO;
				ENABLE_STRICT_OBJC_MSGSEND = YES;
				GCC_C_LANGUAGE_STANDARD = gnu11;
				GCC_NO_COMMON_BLOCKS = YES;
				GCC_WARN_64_TO_32_BIT_CONVERSION = YES;
				GCC_WARN_ABOUT_RETURN_TYPE = YES_ERROR;
				GCC_WARN_UNDECLARED_SELECTOR = YES;
				GCC_WARN_UNINITIALIZED_AUTOS = YES_AGGRESSIVE;
				GCC_WARN_UNUSED_FUNCTION = YES;
				GCC_WARN_UNUSED_VARIABLE = YES;
				IPHONEOS_DEPLOYMENT_TARGET = 14.4;
				MTL_ENABLE_DEBUG_INFO = NO;
				MTL_FAST_MATH = YES;
				SDKROOT = iphoneos;
				SWIFT_COMPILATION_MODE = wholemodule;
				SWIFT_OPTIMIZATION_LEVEL = "-O";
				VALIDATE_PRODUCT = YES;
			};
			name = Release;
		};
		7D8AAB6B2672521F0036ECDA /* Debug */ = {
			isa = XCBuildConfiguration;
			buildSettings = {
				ASSETCATALOG_COMPILER_APPICON_NAME = AppIcon;
				ASSETCATALOG_COMPILER_GLOBAL_ACCENT_COLOR_NAME = AccentColor;
				CODE_SIGN_STYLE = Automatic;
				INFOPLIST_FILE = "$(SRCROOT)/contactList/SupportingFiles/Info.plist";
				LD_RUNPATH_SEARCH_PATHS = (
					"$(inherited)",
					"@executable_path/Frameworks",
				);
				PRODUCT_BUNDLE_IDENTIFIER = com.rubisVladimir.contactList;
				PRODUCT_NAME = "$(TARGET_NAME)";
				SWIFT_VERSION = 5.0;
				TARGETED_DEVICE_FAMILY = "1,2";
			};
			name = Debug;
		};
		7D8AAB6C2672521F0036ECDA /* Release */ = {
			isa = XCBuildConfiguration;
			buildSettings = {
				ASSETCATALOG_COMPILER_APPICON_NAME = AppIcon;
				ASSETCATALOG_COMPILER_GLOBAL_ACCENT_COLOR_NAME = AccentColor;
				CODE_SIGN_STYLE = Automatic;
				INFOPLIST_FILE = "$(SRCROOT)/contactList/SupportingFiles/Info.plist";
				LD_RUNPATH_SEARCH_PATHS = (
					"$(inherited)",
					"@executable_path/Frameworks",
				);
				PRODUCT_BUNDLE_IDENTIFIER = com.rubisVladimir.contactList;
				PRODUCT_NAME = "$(TARGET_NAME)";
				SWIFT_VERSION = 5.0;
				TARGETED_DEVICE_FAMILY = "1,2";
			};
			name = Release;
		};
/* End XCBuildConfiguration section */

/* Begin XCConfigurationList section */
		7D8AAB512672521E0036ECDA /* Build configuration list for PBXProject "contactList" */ = {
			isa = XCConfigurationList;
			buildConfigurations = (
				7D8AAB682672521F0036ECDA /* Debug */,
				7D8AAB692672521F0036ECDA /* Release */,
			);
			defaultConfigurationIsVisible = 0;
			defaultConfigurationName = Release;
		};
		7D8AAB6A2672521F0036ECDA /* Build configuration list for PBXNativeTarget "contactList" */ = {
			isa = XCConfigurationList;
			buildConfigurations = (
				7D8AAB6B2672521F0036ECDA /* Debug */,
				7D8AAB6C2672521F0036ECDA /* Release */,
			);
			defaultConfigurationIsVisible = 0;
			defaultConfigurationName = Release;
		};
/* End XCConfigurationList section */
	};
	rootObject = 7D8AAB4E2672521E0036ECDA /* Project object */;
}
